{
  "requires": true,
  "lockfileVersion": 1,
  "dependencies": {
    "parallelshell": {
      "version": "3.0.2",
      "resolved": "https://registry.npmjs.org/parallelshell/-/parallelshell-3.0.2.tgz",
      "integrity": "sha512-aW73W8tmYiFZtQi41pweV3WWT6o/EvSxAVQHbumOhN53H47OuWQwrRc11xQ2i44GFvR5AjtzhD92r8Kv9X+7Iw=="
    },
    "typescript": {
      "version": "3.0.1",
      "resolved": "https://registry.npmjs.org/typescript/-/typescript-3.0.1.tgz",
      "integrity": "sha512-zQIMOmC+372pC/CCVLqnQ0zSBiY7HHodU7mpQdjiZddek4GMj31I3dUJ7gAs9o65X7mnRma6OokOkc6f9jjfBg=="
    }
  }
}
